// !$*UTF8*$!
{
	archiveVersion = 1;
	classes = {
	};
	objectVersion = 46;
	objects = {

/* Begin PBXBuildFile section */
		4B0A67C23E7D41219F5D2394 /* libPods.a in Frameworks */ = {isa = PBXBuildFile; fileRef = ED1A64778D2A4D1292E92A53 /* libPods.a */; };
		AC11D7FC19AFCEC400FE756E /* Foundation.framework in Frameworks */ = {isa = PBXBuildFile; fileRef = AC11D7FB19AFCEC400FE756E /* Foundation.framework */; };
		AC11D7FE19AFCEC400FE756E /* CoreGraphics.framework in Frameworks */ = {isa = PBXBuildFile; fileRef = AC11D7FD19AFCEC400FE756E /* CoreGraphics.framework */; };
		AC11D80019AFCEC400FE756E /* UIKit.framework in Frameworks */ = {isa = PBXBuildFile; fileRef = AC11D7FF19AFCEC400FE756E /* UIKit.framework */; };
		AC11D80619AFCEC400FE756E /* InfoPlist.strings in Resources */ = {isa = PBXBuildFile; fileRef = AC11D80419AFCEC400FE756E /* InfoPlist.strings */; };
		AC11D80819AFCEC400FE756E /* main.m in Sources */ = {isa = PBXBuildFile; fileRef = AC11D80719AFCEC400FE756E /* main.m */; };
		AC11D80C19AFCEC400FE756E /* AppDelegate.m in Sources */ = {isa = PBXBuildFile; fileRef = AC11D80B19AFCEC400FE756E /* AppDelegate.m */; };
		AC11D80E19AFCEC400FE756E /* Images.xcassets in Resources */ = {isa = PBXBuildFile; fileRef = AC11D80D19AFCEC400FE756E /* Images.xcassets */; };
		AC11D81519AFCEC400FE756E /* XCTest.framework in Frameworks */ = {isa = PBXBuildFile; fileRef = AC11D81419AFCEC400FE756E /* XCTest.framework */; };
		AC11D81619AFCEC400FE756E /* Foundation.framework in Frameworks */ = {isa = PBXBuildFile; fileRef = AC11D7FB19AFCEC400FE756E /* Foundation.framework */; };
		AC11D81719AFCEC400FE756E /* UIKit.framework in Frameworks */ = {isa = PBXBuildFile; fileRef = AC11D7FF19AFCEC400FE756E /* UIKit.framework */; };
		AC11D81F19AFCEC400FE756E /* InfoPlist.strings in Resources */ = {isa = PBXBuildFile; fileRef = AC11D81D19AFCEC400FE756E /* InfoPlist.strings */; };
		AC11D82119AFCEC400FE756E /* GithubUsersTestTests.m in Sources */ = {isa = PBXBuildFile; fileRef = AC11D82019AFCEC400FE756E /* GithubUsersTestTests.m */; };
		AC11D82E19AFD2FC00FE756E /* GithubAPI.m in Sources */ = {isa = PBXBuildFile; fileRef = AC11D82D19AFD2FC00FE756E /* GithubAPI.m */; };
		AC11D83119AFD65900FE756E /* APIResponse.m in Sources */ = {isa = PBXBuildFile; fileRef = AC11D83019AFD65900FE756E /* APIResponse.m */; };
		AC11D83419AFD7CE00FE756E /* Constants.m in Sources */ = {isa = PBXBuildFile; fileRef = AC11D83319AFD7CE00FE756E /* Constants.m */; };
		AC11D83719AFE3AA00FE756E /* MainViewController.m in Sources */ = {isa = PBXBuildFile; fileRef = AC11D83619AFE3AA00FE756E /* MainViewController.m */; };
/* End PBXBuildFile section */

/* Begin PBXContainerItemProxy section */
		AC11D81819AFCEC400FE756E /* PBXContainerItemProxy */ = {
			isa = PBXContainerItemProxy;
			containerPortal = AC11D7F019AFCEC300FE756E /* Project object */;
			proxyType = 1;
			remoteGlobalIDString = AC11D7F719AFCEC400FE756E;
			remoteInfo = GithubUsersTest;
		};
/* End PBXContainerItemProxy section */

/* Begin PBXFileReference section */
		1F6AE56EF95D47E78672FF12 /* Pods.xcconfig */ = {isa = PBXFileReference; includeInIndex = 1; lastKnownFileType = text.xcconfig; name = Pods.xcconfig; path = Pods/Pods.xcconfig; sourceTree = "<group>"; };
		AC11D7F819AFCEC400FE756E /* GithubUsersTest.app */ = {isa = PBXFileReference; explicitFileType = wrapper.application; includeInIndex = 0; path = GithubUsersTest.app; sourceTree = BUILT_PRODUCTS_DIR; };
		AC11D7FB19AFCEC400FE756E /* Foundation.framework */ = {isa = PBXFileReference; lastKnownFileType = wrapper.framework; name = Foundation.framework; path = System/Library/Frameworks/Foundation.framework; sourceTree = SDKROOT; };
		AC11D7FD19AFCEC400FE756E /* CoreGraphics.framework */ = {isa = PBXFileReference; lastKnownFileType = wrapper.framework; name = CoreGraphics.framework; path = System/Library/Frameworks/CoreGraphics.framework; sourceTree = SDKROOT; };
		AC11D7FF19AFCEC400FE756E /* UIKit.framework */ = {isa = PBXFileReference; lastKnownFileType = wrapper.framework; name = UIKit.framework; path = System/Library/Frameworks/UIKit.framework; sourceTree = SDKROOT; };
		AC11D80319AFCEC400FE756E /* GithubUsersTest-Info.plist */ = {isa = PBXFileReference; lastKnownFileType = text.plist.xml; path = "GithubUsersTest-Info.plist"; sourceTree = "<group>"; };
		AC11D80519AFCEC400FE756E /* en */ = {isa = PBXFileReference; lastKnownFileType = text.plist.strings; name = en; path = en.lproj/InfoPlist.strings; sourceTree = "<group>"; };
		AC11D80719AFCEC400FE756E /* main.m */ = {isa = PBXFileReference; lastKnownFileType = sourcecode.c.objc; path = main.m; sourceTree = "<group>"; };
		AC11D80919AFCEC400FE756E /* GithubUsersTest-Prefix.pch */ = {isa = PBXFileReference; lastKnownFileType = sourcecode.c.h; path = "GithubUsersTest-Prefix.pch"; sourceTree = "<group>"; };
		AC11D80A19AFCEC400FE756E /* AppDelegate.h */ = {isa = PBXFileReference; lastKnownFileType = sourcecode.c.h; path = AppDelegate.h; sourceTree = "<group>"; };
		AC11D80B19AFCEC400FE756E /* AppDelegate.m */ = {isa = PBXFileReference; lastKnownFileType = sourcecode.c.objc; path = AppDelegate.m; sourceTree = "<group>"; };
		AC11D80D19AFCEC400FE756E /* Images.xcassets */ = {isa = PBXFileReference; lastKnownFileType = folder.assetcatalog; path = Images.xcassets; sourceTree = "<group>"; };
		AC11D81319AFCEC400FE756E /* GithubUsersTestTests.xctest */ = {isa = PBXFileReference; explicitFileType = wrapper.cfbundle; includeInIndex = 0; path = GithubUsersTestTests.xctest; sourceTree = BUILT_PRODUCTS_DIR; };
		AC11D81419AFCEC400FE756E /* XCTest.framework */ = {isa = PBXFileReference; lastKnownFileType = wrapper.framework; name = XCTest.framework; path = Library/Frameworks/XCTest.framework; sourceTree = DEVELOPER_DIR; };
		AC11D81C19AFCEC400FE756E /* GithubUsersTestTests-Info.plist */ = {isa = PBXFileReference; lastKnownFileType = text.plist.xml; path = "GithubUsersTestTests-Info.plist"; sourceTree = "<group>"; };
		AC11D81E19AFCEC400FE756E /* en */ = {isa = PBXFileReference; lastKnownFileType = text.plist.strings; name = en; path = en.lproj/InfoPlist.strings; sourceTree = "<group>"; };
		AC11D82019AFCEC400FE756E /* GithubUsersTestTests.m */ = {isa = PBXFileReference; lastKnownFileType = sourcecode.c.objc; path = GithubUsersTestTests.m; sourceTree = "<group>"; };
		AC11D82C19AFD2FC00FE756E /* GithubAPI.h */ = {isa = PBXFileReference; fileEncoding = 4; lastKnownFileType = sourcecode.c.h; path = GithubAPI.h; sourceTree = "<group>"; };
		AC11D82D19AFD2FC00FE756E /* GithubAPI.m */ = {isa = PBXFileReference; fileEncoding = 4; lastKnownFileType = sourcecode.c.objc; path = GithubAPI.m; sourceTree = "<group>"; };
		AC11D82F19AFD65900FE756E /* APIResponse.h */ = {isa = PBXFileReference; fileEncoding = 4; lastKnownFileType = sourcecode.c.h; path = APIResponse.h; sourceTree = "<group>"; };
		AC11D83019AFD65900FE756E /* APIResponse.m */ = {isa = PBXFileReference; fileEncoding = 4; lastKnownFileType = sourcecode.c.objc; path = APIResponse.m; sourceTree = "<group>"; };
		AC11D83219AFD7CE00FE756E /* Constants.h */ = {isa = PBXFileReference; fileEncoding = 4; lastKnownFileType = sourcecode.c.h; path = Constants.h; sourceTree = "<group>"; };
		AC11D83319AFD7CE00FE756E /* Constants.m */ = {isa = PBXFileReference; fileEncoding = 4; lastKnownFileType = sourcecode.c.objc; path = Constants.m; sourceTree = "<group>"; };
		AC11D83519AFE3AA00FE756E /* MainViewController.h */ = {isa = PBXFileReference; fileEncoding = 4; lastKnownFileType = sourcecode.c.h; path = MainViewController.h; sourceTree = "<group>"; };
		AC11D83619AFE3AA00FE756E /* MainViewController.m */ = {isa = PBXFileReference; fileEncoding = 4; lastKnownFileType = sourcecode.c.objc; path = MainViewController.m; sourceTree = "<group>"; };
		ED1A64778D2A4D1292E92A53 /* libPods.a */ = {isa = PBXFileReference; explicitFileType = archive.ar; includeInIndex = 0; path = libPods.a; sourceTree = BUILT_PRODUCTS_DIR; };
/* End PBXFileReference section */

/* Begin PBXFrameworksBuildPhase section */
		AC11D7F519AFCEC400FE756E /* Frameworks */ = {
			isa = PBXFrameworksBuildPhase;
			buildActionMask = 2147483647;
			files = (
				AC11D7FE19AFCEC400FE756E /* CoreGraphics.framework in Frameworks */,
				AC11D80019AFCEC400FE756E /* UIKit.framework in Frameworks */,
				AC11D7FC19AFCEC400FE756E /* Foundation.framework in Frameworks */,
				4B0A67C23E7D41219F5D2394 /* libPods.a in Frameworks */,
			);
			runOnlyForDeploymentPostprocessing = 0;
		};
		AC11D81019AFCEC400FE756E /* Frameworks */ = {
			isa = PBXFrameworksBuildPhase;
			buildActionMask = 2147483647;
			files = (
				AC11D81519AFCEC400FE756E /* XCTest.framework in Frameworks */,
				AC11D81719AFCEC400FE756E /* UIKit.framework in Frameworks */,
				AC11D81619AFCEC400FE756E /* Foundation.framework in Frameworks */,
			);
			runOnlyForDeploymentPostprocessing = 0;
		};
/* End PBXFrameworksBuildPhase section */

/* Begin PBXGroup section */
		AC11D7EF19AFCEC300FE756E = {
			isa = PBXGroup;
			children = (
				AC11D80119AFCEC400FE756E /* GithubUsersTest */,
				AC11D81A19AFCEC400FE756E /* GithubUsersTestTests */,
				AC11D7FA19AFCEC400FE756E /* Frameworks */,
				AC11D7F919AFCEC400FE756E /* Products */,
				1F6AE56EF95D47E78672FF12 /* Pods.xcconfig */,
			);
			sourceTree = "<group>";
		};
		AC11D7F919AFCEC400FE756E /* Products */ = {
			isa = PBXGroup;
			children = (
				AC11D7F819AFCEC400FE756E /* GithubUsersTest.app */,
				AC11D81319AFCEC400FE756E /* GithubUsersTestTests.xctest */,
			);
			name = Products;
			sourceTree = "<group>";
		};
		AC11D7FA19AFCEC400FE756E /* Frameworks */ = {
			isa = PBXGroup;
			children = (
				AC11D7FB19AFCEC400FE756E /* Foundation.framework */,
				AC11D7FD19AFCEC400FE756E /* CoreGraphics.framework */,
				AC11D7FF19AFCEC400FE756E /* UIKit.framework */,
				AC11D81419AFCEC400FE756E /* XCTest.framework */,
				ED1A64778D2A4D1292E92A53 /* libPods.a */,
			);
			name = Frameworks;
			sourceTree = "<group>";
		};
		AC11D80119AFCEC400FE756E /* GithubUsersTest */ = {
			isa = PBXGroup;
			children = (
				AC11D82A19AFCF3A00FE756E /* GithubAPI */,
				AC11D82B19AFCF3A00FE756E /* ViewControllers */,
				AC11D80A19AFCEC400FE756E /* AppDelegate.h */,
				AC11D80B19AFCEC400FE756E /* AppDelegate.m */,
				AC11D83219AFD7CE00FE756E /* Constants.h */,
				AC11D83319AFD7CE00FE756E /* Constants.m */,
				AC11D80D19AFCEC400FE756E /* Images.xcassets */,
				AC11D80219AFCEC400FE756E /* Supporting Files */,
			);
			path = GithubUsersTest;
			sourceTree = "<group>";
		};
		AC11D80219AFCEC400FE756E /* Supporting Files */ = {
			isa = PBXGroup;
			children = (
				AC11D80319AFCEC400FE756E /* GithubUsersTest-Info.plist */,
				AC11D80419AFCEC400FE756E /* InfoPlist.strings */,
				AC11D80719AFCEC400FE756E /* main.m */,
				AC11D80919AFCEC400FE756E /* GithubUsersTest-Prefix.pch */,
			);
			name = "Supporting Files";
			sourceTree = "<group>";
		};
		AC11D81A19AFCEC400FE756E /* GithubUsersTestTests */ = {
			isa = PBXGroup;
			children = (
				AC11D82019AFCEC400FE756E /* GithubUsersTestTests.m */,
				AC11D81B19AFCEC400FE756E /* Supporting Files */,
			);
			path = GithubUsersTestTests;
			sourceTree = "<group>";
		};
		AC11D81B19AFCEC400FE756E /* Supporting Files */ = {
			isa = PBXGroup;
			children = (
				AC11D81C19AFCEC400FE756E /* GithubUsersTestTests-Info.plist */,
				AC11D81D19AFCEC400FE756E /* InfoPlist.strings */,
			);
			name = "Supporting Files";
			sourceTree = "<group>";
		};
		AC11D82A19AFCF3A00FE756E /* GithubAPI */ = {
			isa = PBXGroup;
			children = (
				AC11D82C19AFD2FC00FE756E /* GithubAPI.h */,
				AC11D82D19AFD2FC00FE756E /* GithubAPI.m */,
				AC11D82F19AFD65900FE756E /* APIResponse.h */,
				AC11D83019AFD65900FE756E /* APIResponse.m */,
			);
			path = GithubAPI;
			sourceTree = SOURCE_ROOT;
		};
		AC11D82B19AFCF3A00FE756E /* ViewControllers */ = {
			isa = PBXGroup;
			children = (
				AC11D83519AFE3AA00FE756E /* MainViewController.h */,
				AC11D83619AFE3AA00FE756E /* MainViewController.m */,
			);
			path = ViewControllers;
			sourceTree = SOURCE_ROOT;
		};
/* End PBXGroup section */

/* Begin PBXNativeTarget section */
		AC11D7F719AFCEC400FE756E /* GithubUsersTest */ = {
			isa = PBXNativeTarget;
			buildConfigurationList = AC11D82419AFCEC400FE756E /* Build configuration list for PBXNativeTarget "GithubUsersTest" */;
			buildPhases = (
				33974F533EFA48DC8F711461 /* Check Pods Manifest.lock */,
				AC11D7F419AFCEC400FE756E /* Sources */,
				AC11D7F519AFCEC400FE756E /* Frameworks */,
				AC11D7F619AFCEC400FE756E /* Resources */,
				D2EB749769A246D2B32A5961 /* Copy Pods Resources */,
			);
			buildRules = (
			);
			dependencies = (
			);
			name = GithubUsersTest;
			productName = GithubUsersTest;
			productReference = AC11D7F819AFCEC400FE756E /* GithubUsersTest.app */;
			productType = "com.apple.product-type.application";
		};
		AC11D81219AFCEC400FE756E /* GithubUsersTestTests */ = {
			isa = PBXNativeTarget;
			buildConfigurationList = AC11D82719AFCEC400FE756E /* Build configuration list for PBXNativeTarget "GithubUsersTestTests" */;
			buildPhases = (
				AC11D80F19AFCEC400FE756E /* Sources */,
				AC11D81019AFCEC400FE756E /* Frameworks */,
				AC11D81119AFCEC400FE756E /* Resources */,
			);
			buildRules = (
			);
			dependencies = (
				AC11D81919AFCEC400FE756E /* PBXTargetDependency */,
			);
			name = GithubUsersTestTests;
			productName = GithubUsersTestTests;
			productReference = AC11D81319AFCEC400FE756E /* GithubUsersTestTests.xctest */;
			productType = "com.apple.product-type.bundle.unit-test";
		};
/* End PBXNativeTarget section */

/* Begin PBXProject section */
		AC11D7F019AFCEC300FE756E /* Project object */ = {
			isa = PBXProject;
			attributes = {
				LastUpgradeCheck = 0510;
				ORGANIZATIONNAME = "___FULLUSERNAME___";
				TargetAttributes = {
					AC11D81219AFCEC400FE756E = {
						TestTargetID = AC11D7F719AFCEC400FE756E;
					};
				};
			};
			buildConfigurationList = AC11D7F319AFCEC300FE756E /* Build configuration list for PBXProject "GithubUsersTest" */;
			compatibilityVersion = "Xcode 3.2";
			developmentRegion = English;
			hasScannedForEncodings = 0;
			knownRegions = (
				en,
			);
			mainGroup = AC11D7EF19AFCEC300FE756E;
			productRefGroup = AC11D7F919AFCEC400FE756E /* Products */;
			projectDirPath = "";
			projectRoot = "";
			targets = (
				AC11D7F719AFCEC400FE756E /* GithubUsersTest */,
				AC11D81219AFCEC400FE756E /* GithubUsersTestTests */,
			);
		};
/* End PBXProject section */

/* Begin PBXResourcesBuildPhase section */
		AC11D7F619AFCEC400FE756E /* Resources */ = {
			isa = PBXResourcesBuildPhase;
			buildActionMask = 2147483647;
			files = (
				AC11D80619AFCEC400FE756E /* InfoPlist.strings in Resources */,
				AC11D80E19AFCEC400FE756E /* Images.xcassets in Resources */,
			);
			runOnlyForDeploymentPostprocessing = 0;
		};
		AC11D81119AFCEC400FE756E /* Resources */ = {
			isa = PBXResourcesBuildPhase;
			buildActionMask = 2147483647;
			files = (
				AC11D81F19AFCEC400FE756E /* InfoPlist.strings in Resources */,
			);
			runOnlyForDeploymentPostprocessing = 0;
		};
/* End PBXResourcesBuildPhase section */

/* Begin PBXShellScriptBuildPhase section */
		33974F533EFA48DC8F711461 /* Check Pods Manifest.lock */ = {
			isa = PBXShellScriptBuildPhase;
			buildActionMask = 2147483647;
			files = (
			);
			inputPaths = (
			);
			name = "Check Pods Manifest.lock";
			outputPaths = (
			);
			runOnlyForDeploymentPostprocessing = 0;
			shellPath = /bin/sh;
			shellScript = "diff \"${PODS_ROOT}/../Podfile.lock\" \"${PODS_ROOT}/Manifest.lock\" > /dev/null\nif [[ $? != 0 ]] ; then\n    cat << EOM\nerror: The sandbox is not in sync with the Podfile.lock. Run 'pod install' or update your CocoaPods installation.\nEOM\n    exit 1\nfi\n";
			showEnvVarsInLog = 0;
		};
		D2EB749769A246D2B32A5961 /* Copy Pods Resources */ = {
			isa = PBXShellScriptBuildPhase;
			buildActionMask = 2147483647;
			files = (
			);
			inputPaths = (
			);
			name = "Copy Pods Resources";
			outputPaths = (
			);
			runOnlyForDeploymentPostprocessing = 0;
			shellPath = /bin/sh;
			shellScript = "\"${SRCROOT}/Pods/Pods-resources.sh\"\n";
			showEnvVarsInLog = 0;
		};
/* End PBXShellScriptBuildPhase section */

/* Begin PBXSourcesBuildPhase section */
		AC11D7F419AFCEC400FE756E /* Sources */ = {
			isa = PBXSourcesBuildPhase;
			buildActionMask = 2147483647;
			files = (
				AC11D83419AFD7CE00FE756E /* Constants.m in Sources */,
				AC11D83719AFE3AA00FE756E /* MainViewController.m in Sources */,
				AC11D80C19AFCEC400FE756E /* AppDelegate.m in Sources */,
				AC11D83119AFD65900FE756E /* APIResponse.m in Sources */,
				AC11D82E19AFD2FC00FE756E /* GithubAPI.m in Sources */,
				AC11D80819AFCEC400FE756E /* main.m in Sources */,
			);
			runOnlyForDeploymentPostprocessing = 0;
		};
		AC11D80F19AFCEC400FE756E /* Sources */ = {
			isa = PBXSourcesBuildPhase;
			buildActionMask = 2147483647;
			files = (
				AC11D82119AFCEC400FE756E /* GithubUsersTestTests.m in Sources */,
			);
			runOnlyForDeploymentPostprocessing = 0;
		};
/* End PBXSourcesBuildPhase section */

/* Begin PBXTargetDependency section */
		AC11D81919AFCEC400FE756E /* PBXTargetDependency */ = {
			isa = PBXTargetDependency;
			target = AC11D7F719AFCEC400FE756E /* GithubUsersTest */;
			targetProxy = AC11D81819AFCEC400FE756E /* PBXContainerItemProxy */;
		};
/* End PBXTargetDependency section */

/* Begin PBXVariantGroup section */
		AC11D80419AFCEC400FE756E /* InfoPlist.strings */ = {
			isa = PBXVariantGroup;
			children = (
				AC11D80519AFCEC400FE756E /* en */,
			);
			name = InfoPlist.strings;
			sourceTree = "<group>";
		};
		AC11D81D19AFCEC400FE756E /* InfoPlist.strings */ = {
			isa = PBXVariantGroup;
			children = (
				AC11D81E19AFCEC400FE756E /* en */,
			);
			name = InfoPlist.strings;
			sourceTree = "<group>";
		};
/* End PBXVariantGroup section */

/* Begin XCBuildConfiguration section */
		AC11D82219AFCEC400FE756E /* Debug */ = {
			isa = XCBuildConfiguration;
			buildSettings = {
				ALWAYS_SEARCH_USER_PATHS = NO;
				CLANG_CXX_LANGUAGE_STANDARD = "gnu++0x";
				CLANG_CXX_LIBRARY = "libc++";
				CLANG_ENABLE_MODULES = YES;
				CLANG_ENABLE_OBJC_ARC = YES;
				CLANG_WARN_BOOL_CONVERSION = YES;
				CLANG_WARN_CONSTANT_CONVERSION = YES;
				CLANG_WARN_DIRECT_OBJC_ISA_USAGE = YES_ERROR;
				CLANG_WARN_EMPTY_BODY = YES;
				CLANG_WARN_ENUM_CONVERSION = YES;
				CLANG_WARN_INT_CONVERSION = YES;
				CLANG_WARN_OBJC_ROOT_CLASS = YES_ERROR;
				CLANG_WARN__DUPLICATE_METHOD_MATCH = YES;
				"CODE_SIGN_IDENTITY[sdk=iphoneos*]" = "iPhone Developer";
				COPY_PHASE_STRIP = NO;
				GCC_C_LANGUAGE_STANDARD = gnu99;
				GCC_DYNAMIC_NO_PIC = NO;
				GCC_OPTIMIZATION_LEVEL = 0;
				GCC_PREPROCESSOR_DEFINITIONS = (
					"DEBUG=1",
					"$(inherited)",
				);
				GCC_SYMBOLS_PRIVATE_EXTERN = NO;
				GCC_WARN_64_TO_32_BIT_CONVERSION = YES;
				GCC_WARN_ABOUT_RETURN_TYPE = YES_ERROR;
				GCC_WARN_UNDECLARED_SELECTOR = YES;
				GCC_WARN_UNINITIALIZED_AUTOS = YES_AGGRESSIVE;
				GCC_WARN_UNUSED_FUNCTION = YES;
				GCC_WARN_UNUSED_VARIABLE = YES;
				IPHONEOS_DEPLOYMENT_TARGET = 7.1;
				ONLY_ACTIVE_ARCH = YES;
				SDKROOT = iphoneos;
				TARGETED_DEVICE_FAMILY = "1,2";
			};
			name = Debug;
		};
		AC11D82319AFCEC400FE756E /* Release */ = {
			isa = XCBuildConfiguration;
			buildSettings = {
				ALWAYS_SEARCH_USER_PATHS = NO;
				CLANG_CXX_LANGUAGE_STANDARD = "gnu++0x";
				CLANG_CXX_LIBRARY = "libc++";
				CLANG_ENABLE_MODULES = YES;
				CLANG_ENABLE_OBJC_ARC = YES;
				CLANG_WARN_BOOL_CONVERSION = YES;
				CLANG_WARN_CONSTANT_CONVERSION = YES;
				CLANG_WARN_DIRECT_OBJC_ISA_USAGE = YES_ERROR;
				CLANG_WARN_EMPTY_BODY = YES;
				CLANG_WARN_ENUM_CONVERSION = YES;
				CLANG_WARN_INT_CONVERSION = YES;
				CLANG_WARN_OBJC_ROOT_CLASS = YES_ERROR;
				CLANG_WARN__DUPLICATE_METHOD_MATCH = YES;
				"CODE_SIGN_IDENTITY[sdk=iphoneos*]" = "iPhone Developer";
				COPY_PHASE_STRIP = YES;
				ENABLE_NS_ASSERTIONS = NO;
				GCC_C_LANGUAGE_STANDARD = gnu99;
				GCC_WARN_64_TO_32_BIT_CONVERSION = YES;
				GCC_WARN_ABOUT_RETURN_TYPE = YES_ERROR;
				GCC_WARN_UNDECLARED_SELECTOR = YES;
				GCC_WARN_UNINITIALIZED_AUTOS = YES_AGGRESSIVE;
				GCC_WARN_UNUSED_FUNCTION = YES;
				GCC_WARN_UNUSED_VARIABLE = YES;
				IPHONEOS_DEPLOYMENT_TARGET = 7.1;
				SDKROOT = iphoneos;
				TARGETED_DEVICE_FAMILY = "1,2";
				VALIDATE_PRODUCT = YES;
			};
			name = Release;
		};
		AC11D82519AFCEC400FE756E /* Debug */ = {
			isa = XCBuildConfiguration;
			baseConfigurationReference = 1F6AE56EF95D47E78672FF12 /* Pods.xcconfig */;
			buildSettings = {
				ASSETCATALOG_COMPILER_APPICON_NAME = AppIcon;
				ASSETCATALOG_COMPILER_LAUNCHIMAGE_NAME = LaunchImage;
				GCC_PRECOMPILE_PREFIX_HEADER = YES;
				GCC_PREFIX_HEADER = "GithubUsersTest/GithubUsersTest-Prefix.pch";
				INFOPLIST_FILE = "GithubUsersTest/GithubUsersTest-Info.plist";
				PRODUCT_NAME = "$(TARGET_NAME)";
				WRAPPER_EXTENSION = app;
			};
			name = Debug;
		};
		AC11D82619AFCEC400FE756E /* Release */ = {
			isa = XCBuildConfiguration;
			baseConfigurationReference = 1F6AE56EF95D47E78672FF12 /* Pods.xcconfig */;
			buildSettings = {
				ASSETCATALOG_COMPILER_APPICON_NAME = AppIcon;
				ASSETCATALOG_COMPILER_LAUNCHIMAGE_NAME = LaunchImage;
				GCC_PRECOMPILE_PREFIX_HEADER = YES;
				GCC_PREFIX_HEADER = "GithubUsersTest/GithubUsersTest-Prefix.pch";
				INFOPLIST_FILE = "GithubUsersTest/GithubUsersTest-Info.plist";
				PRODUCT_NAME = "$(TARGET_NAME)";
				WRAPPER_EXTENSION = app;
			};
			name = Release;
		};
		AC11D82819AFCEC400FE756E /* Debug */ = {
			isa = XCBuildConfiguration;
			buildSettings = {
				BUNDLE_LOADER = "$(BUILT_PRODUCTS_DIR)/GithubUsersTest.app/GithubUsersTest";
				FRAMEWORK_SEARCH_PATHS = (
					"$(SDKROOT)/Developer/Library/Frameworks",
					"$(inherited)",
					"$(DEVELOPER_FRAMEWORKS_DIR)",
				);
				GCC_PRECOMPILE_PREFIX_HEADER = YES;
				GCC_PREFIX_HEADER = "GithubUsersTest/GithubUsersTest-Prefix.pch";
				GCC_PREPROCESSOR_DEFINITIONS = (
					"DEBUG=1",
					"$(inherited)",
				);
				INFOPLIST_FILE = "GithubUsersTestTests/GithubUsersTestTests-Info.plist";
				PRODUCT_NAME = "$(TARGET_NAME)";
				TEST_HOST = "$(BUNDLE_LOADER)";
				WRAPPER_EXTENSION = xctest;
			};
			name = Debug;
		};
		AC11D82919AFCEC400FE756E /* Release */ = {
			isa = XCBuildConfiguration;
			buildSettings = {
				BUNDLE_LOADER = "$(BUILT_PRODUCTS_DIR)/GithubUsersTest.app/GithubUsersTest";
				FRAMEWORK_SEARCH_PATHS = (
					"$(SDKROOT)/Developer/Library/Frameworks",
					"$(inherited)",
					"$(DEVELOPER_FRAMEWORKS_DIR)",
				);
				GCC_PRECOMPILE_PREFIX_HEADER = YES;
				GCC_PREFIX_HEADER = "GithubUsersTest/GithubUsersTest-Prefix.pch";
				INFOPLIST_FILE = "GithubUsersTestTests/GithubUsersTestTests-Info.plist";
				PRODUCT_NAME = "$(TARGET_NAME)";
				TEST_HOST = "$(BUNDLE_LOADER)";
				WRAPPER_EXTENSION = xctest;
			};
			name = Release;
		};
/* End XCBuildConfiguration section */

/* Begin XCConfigurationList section */
		AC11D7F319AFCEC300FE756E /* Build configuration list for PBXProject "GithubUsersTest" */ = {
			isa = XCConfigurationList;
			buildConfigurations = (
				AC11D82219AFCEC400FE756E /* Debug */,
				AC11D82319AFCEC400FE756E /* Release */,
			);
			defaultConfigurationIsVisible = 0;
			defaultConfigurationName = Release;
		};
		AC11D82419AFCEC400FE756E /* Build configuration list for PBXNativeTarget "GithubUsersTest" */ = {
			isa = XCConfigurationList;
			buildConfigurations = (
				AC11D82519AFCEC400FE756E /* Debug */,
				AC11D82619AFCEC400FE756E /* Release */,
			);
			defaultConfigurationIsVisible = 0;
			defaultConfigurationName = Release;
		};
		AC11D82719AFCEC400FE756E /* Build configuration list for PBXNativeTarget "GithubUsersTestTests" */ = {
			isa = XCConfigurationList;
			buildConfigurations = (
				AC11D82819AFCEC400FE756E /* Debug */,
				AC11D82919AFCEC400FE756E /* Release */,
			);
			defaultConfigurationIsVisible = 0;
			defaultConfigurationName = Release;
		};
/* End XCConfigurationList section */
	};
	rootObject = AC11D7F019AFCEC300FE756E /* Project object */;
}
